
Microsoft Visual Studio Solution File, Format Version 12.00
# Visual Studio 15
VisualStudioVersion = 15.0.28307.902
MinimumVisualStudioVersion = 10.0.40219.1
Project("{FAE04EC0-301F-11D3-BF4B-00C04F79EFBC}") = "BACKUP", "BACKUP\BACKUP.csproj", "{C347354D-1283-43B4-8A6F-AEEC7BA39C21}"
EndProject
Global
	GlobalSection(SolutionConfigurationPlatforms) = preSolution
		Debug|Any CPU = Debug|Any CPU
		Release|Any CPU = Release|Any CPU
	EndGlobalSection
	GlobalSection(ProjectConfigurationPlatforms) = postSolution
		{C347354D-1283-43B4-8A6F-AEEC7BA39C21}.Debug|Any CPU.ActiveCfg = Debug|Any CPU
		{C347354D-1283-43B4-8A6F-AEEC7BA39C21}.Debug|Any CPU.Build.0 = Debug|Any CPU
		{C347354D-1283-43B4-8A6F-AEEC7BA39C21}.Release|Any CPU.ActiveCfg = Release|Any CPU
		{C347354D-1283-43B4-8A6F-AEEC7BA39C21}.Release|Any CPU.Build.0 = Release|Any CPU
	EndGlobalSection
	GlobalSection(SolutionProperties) = preSolution
		HideSolutionNode = FALSE
	EndGlobalSection
	GlobalSection(ExtensibilityGlobals) = postSolution
		SolutionGuid = {B7C63FAD-4FD4-4DF5-9368-412A65D00E76}
	EndGlobalSection
EndGlobal
